
Microsoft Visual Studio Solution File, Format Version 12.00
# Visual Studio Version 17
VisualStudioVersion = 17.14.37203.1 d17.14
MinimumVisualStudioVersion = 10.0.40219.1
Project("{FAE04EC0-301F-11D3-BF4B-00C04F79EFBC}") = "Blazor.ConnectionStatusDetector", "Blazor.ConnectionStatusDetector.csproj", "{B68828B0-3D09-1237-4D09-09A2F2DE32B5}"
EndProject
Global
	GlobalSection(SolutionConfigurationPlatforms) = preSolution
		Debug|Any CPU = Debug|Any CPU
		Release|Any CPU = Release|Any CPU
	EndGlobalSection
	GlobalSection(ProjectConfigurationPlatforms) = postSolution
		{B68828B0-3D09-1237-4D09-09A2F2DE32B5}.Debug|Any CPU.ActiveCfg = Debug|Any CPU
		{B68828B0-3D09-1237-4D09-09A2F2DE32B5}.Debug|Any CPU.Build.0 = Debug|Any CPU
		{B68828B0-3D09-1237-4D09-09A2F2DE32B5}.Release|Any CPU.ActiveCfg = Release|Any CPU
		{B68828B0-3D09-1237-4D09-09A2F2DE32B5}.Release|Any CPU.Build.0 = Release|Any CPU
	EndGlobalSection
	GlobalSection(SolutionProperties) = preSolution
		HideSolutionNode = FALSE
	EndGlobalSection
	GlobalSection(ExtensibilityGlobals) = postSolution
		SolutionGuid = {FCD5766E-501E-46EA-AC9D-DF818D79C698}
	EndGlobalSection
EndGlobal
